
Microsoft Visual Studio Solution File, Format Version 12.00
# Visual Studio Version 16
Project("{8BC9CEB8-8B4A-11D0-8D11-00A0C91BC942}") = "ALL_BUILD", "ALL_BUILD.vcxproj", "{0355163F-5041-3DCC-A248-4450E1118201}"
	ProjectSection(ProjectDependencies) = postProject
		{0F95B946-08BE-3F6C-8213-67C2185EAF3F} = {0F95B946-08BE-3F6C-8213-67C2185EAF3F}
		{9597F130-4535-3428-8AE1-DC027A5E6646} = {9597F130-4535-3428-8AE1-DC027A5E6646}
		{14F9F6EF-5B45-3765-B9AC-E490E1C31E7E} = {14F9F6EF-5B45-3765-B9AC-E490E1C31E7E}
		{557A656F-7F5B-3DF7-9EA4-D81C978B7943} = {557A656F-7F5B-3DF7-9EA4-D81C978B7943}
		{1211FA52-15E7-3845-BB35-EC8F46B11908} = {1211FA52-15E7-3845-BB35-EC8F46B11908}
		{D484057D-879A-399B-94F1-316536DFF742} = {D484057D-879A-399B-94F1-316536DFF742}
		{44737A41-AC50-3242-A52D-B8AAE4FB4C5A} = {44737A41-AC50-3242-A52D-B8AAE4FB4C5A}
		{CE9CC55C-2DDA-30E0-AFFD-465685C97B44} = {CE9CC55C-2DDA-30E0-AFFD-465685C97B44}
		{D4866EB1-0BE6-32B3-AEAE-1A5DF30C0759} = {D4866EB1-0BE6-32B3-AEAE-1A5DF30C0759}
		{9C9457F4-C565-3ABF-A4E0-6C210A29B051} = {9C9457F4-C565-3ABF-A4E0-6C210A29B051}
		{940011BC-9C50-3BD8-A996-7F18865D90BE} = {940011BC-9C50-3BD8-A996-7F18865D90BE}
		{175A012C-5292-3D1D-9C39-D91B93D311DC} = {175A012C-5292-3D1D-9C39-D91B93D311DC}
		{17D6C755-2177-34D2-B469-788AF1432476} = {17D6C755-2177-34D2-B469-788AF1432476}
		{463FA431-E6CD-3C52-98C6-70A48C96C99A} = {463FA431-E6CD-3C52-98C6-70A48C96C99A}
		{9987E105-2095-35EF-B77C-8F50A2249B7A} = {9987E105-2095-35EF-B77C-8F50A2249B7A}
	EndProjectSection
EndProject
Project("{8BC9CEB8-8B4A-11D0-8D11-00A0C91BC942}") = "Continuous", "Continuous.vcxproj", "{1B496435-573A-3F19-A84B-94F84330BC0A}"
	ProjectSection(ProjectDependencies) = postProject
		{0F95B946-08BE-3F6C-8213-67C2185EAF3F} = {0F95B946-08BE-3F6C-8213-67C2185EAF3F}
	EndProjectSection
EndProject
Project("{8BC9CEB8-8B4A-11D0-8D11-00A0C91BC942}") = "Experimental", "Experimental.vcxproj", "{FABC01A2-1D89-3F6C-982E-F396D4108070}"
	ProjectSection(ProjectDependencies) = postProject
		{0F95B946-08BE-3F6C-8213-67C2185EAF3F} = {0F95B946-08BE-3F6C-8213-67C2185EAF3F}
	EndProjectSection
EndProject
Project("{8BC9CEB8-8B4A-11D0-8D11-00A0C91BC942}") = "INSTALL", "INSTALL.vcxproj", "{6E5ACE64-2E8D-3748-86F3-DFF766626985}"
	ProjectSection(ProjectDependencies) = postProject
		{0355163F-5041-3DCC-A248-4450E1118201} = {0355163F-5041-3DCC-A248-4450E1118201}
		{0F95B946-08BE-3F6C-8213-67C2185EAF3F} = {0F95B946-08BE-3F6C-8213-67C2185EAF3F}
	EndProjectSection
EndProject
Project("{8BC9CEB8-8B4A-11D0-8D11-00A0C91BC942}") = "Nightly", "Nightly.vcxproj", "{EF83F2BB-A0E8-313E-9C93-ABA902722AEA}"
	ProjectSection(ProjectDependencies) = postProject
		{0F95B946-08BE-3F6C-8213-67C2185EAF3F} = {0F95B946-08BE-3F6C-8213-67C2185EAF3F}
	EndProjectSection
EndProject
Project("{8BC9CEB8-8B4A-11D0-8D11-00A0C91BC942}") = "NightlyMemoryCheck", "NightlyMemoryCheck.vcxproj", "{E7A9C8EB-C5F1-3478-A3B4-C005EDFDA298}"
	ProjectSection(ProjectDependencies) = postProject
		{0F95B946-08BE-3F6C-8213-67C2185EAF3F} = {0F95B946-08BE-3F6C-8213-67C2185EAF3F}
	EndProjectSection
EndProject
Project("{8BC9CEB8-8B4A-11D0-8D11-00A0C91BC942}") = "RUN_TESTS", "RUN_TESTS.vcxproj", "{034E5DC9-A0F4-3F92-9D0B-C3FFC6603214}"
	ProjectSection(ProjectDependencies) = postProject
		{0F95B946-08BE-3F6C-8213-67C2185EAF3F} = {0F95B946-08BE-3F6C-8213-67C2185EAF3F}
	EndProjectSection
EndProject
Project("{8BC9CEB8-8B4A-11D0-8D11-00A0C91BC942}") = "ZERO_CHECK", "ZERO_CHECK.vcxproj", "{0F95B946-08BE-3F6C-8213-67C2185EAF3F}"
	ProjectSection(ProjectDependencies) = postProject
	EndProjectSection
EndProject
Project("{8BC9CEB8-8B4A-11D0-8D11-00A0C91BC942}") = "bench", "examples\deprecation-warning\bench.vcxproj", "{9597F130-4535-3428-8AE1-DC027A5E6646}"
	ProjectSection(ProjectDependencies) = postProject
		{0F95B946-08BE-3F6C-8213-67C2185EAF3F} = {0F95B946-08BE-3F6C-8213-67C2185EAF3F}
	EndProjectSection
EndProject
Project("{8BC9CEB8-8B4A-11D0-8D11-00A0C91BC942}") = "common", "examples\common.vcxproj", "{14F9F6EF-5B45-3765-B9AC-E490E1C31E7E}"
	ProjectSection(ProjectDependencies) = postProject
		{0F95B946-08BE-3F6C-8213-67C2185EAF3F} = {0F95B946-08BE-3F6C-8213-67C2185EAF3F}
		{557A656F-7F5B-3DF7-9EA4-D81C978B7943} = {557A656F-7F5B-3DF7-9EA4-D81C978B7943}
		{1211FA52-15E7-3845-BB35-EC8F46B11908} = {1211FA52-15E7-3845-BB35-EC8F46B11908}
		{D484057D-879A-399B-94F1-316536DFF742} = {D484057D-879A-399B-94F1-316536DFF742}
		{175A012C-5292-3D1D-9C39-D91B93D311DC} = {175A012C-5292-3D1D-9C39-D91B93D311DC}
	EndProjectSection
EndProject
Project("{8BC9CEB8-8B4A-11D0-8D11-00A0C91BC942}") = "ggml", "ggml\src\ggml.vcxproj", "{557A656F-7F5B-3DF7-9EA4-D81C978B7943}"
	ProjectSection(ProjectDependencies) = postProject
		{0F95B946-08BE-3F6C-8213-67C2185EAF3F} = {0F95B946-08BE-3F6C-8213-67C2185EAF3F}
		{1211FA52-15E7-3845-BB35-EC8F46B11908} = {1211FA52-15E7-3845-BB35-EC8F46B11908}
		{D484057D-879A-399B-94F1-316536DFF742} = {D484057D-879A-399B-94F1-316536DFF742}
	EndProjectSection
EndProject
Project("{8BC9CEB8-8B4A-11D0-8D11-00A0C91BC942}") = "ggml-base", "ggml\src\ggml-base.vcxproj", "{1211FA52-15E7-3845-BB35-EC8F46B11908}"
	ProjectSection(ProjectDependencies) = postProject
		{0F95B946-08BE-3F6C-8213-67C2185EAF3F} = {0F95B946-08BE-3F6C-8213-67C2185EAF3F}
	EndProjectSection
EndProject
Project("{8BC9CEB8-8B4A-11D0-8D11-00A0C91BC942}") = "ggml-cpu", "ggml\src\ggml-cpu.vcxproj", "{D484057D-879A-399B-94F1-316536DFF742}"
	ProjectSection(ProjectDependencies) = postProject
		{0F95B946-08BE-3F6C-8213-67C2185EAF3F} = {0F95B946-08BE-3F6C-8213-67C2185EAF3F}
		{1211FA52-15E7-3845-BB35-EC8F46B11908} = {1211FA52-15E7-3845-BB35-EC8F46B11908}
	EndProjectSection
EndProject
Project("{8BC9CEB8-8B4A-11D0-8D11-00A0C91BC942}") = "main", "examples\deprecation-warning\main.vcxproj", "{44737A41-AC50-3242-A52D-B8AAE4FB4C5A}"
	ProjectSection(ProjectDependencies) = postProject
		{0F95B946-08BE-3F6C-8213-67C2185EAF3F} = {0F95B946-08BE-3F6C-8213-67C2185EAF3F}
	EndProjectSection
EndProject
Project("{8BC9CEB8-8B4A-11D0-8D11-00A0C91BC942}") = "quantize", "examples\quantize\quantize.vcxproj", "{CE9CC55C-2DDA-30E0-AFFD-465685C97B44}"
	ProjectSection(ProjectDependencies) = postProject
		{0F95B946-08BE-3F6C-8213-67C2185EAF3F} = {0F95B946-08BE-3F6C-8213-67C2185EAF3F}
		{14F9F6EF-5B45-3765-B9AC-E490E1C31E7E} = {14F9F6EF-5B45-3765-B9AC-E490E1C31E7E}
		{557A656F-7F5B-3DF7-9EA4-D81C978B7943} = {557A656F-7F5B-3DF7-9EA4-D81C978B7943}
		{1211FA52-15E7-3845-BB35-EC8F46B11908} = {1211FA52-15E7-3845-BB35-EC8F46B11908}
		{D484057D-879A-399B-94F1-316536DFF742} = {D484057D-879A-399B-94F1-316536DFF742}
		{175A012C-5292-3D1D-9C39-D91B93D311DC} = {175A012C-5292-3D1D-9C39-D91B93D311DC}
	EndProjectSection
EndProject
Project("{8BC9CEB8-8B4A-11D0-8D11-00A0C91BC942}") = "test-vad", "tests\test-vad.vcxproj", "{D4866EB1-0BE6-32B3-AEAE-1A5DF30C0759}"
	ProjectSection(ProjectDependencies) = postProject
		{0F95B946-08BE-3F6C-8213-67C2185EAF3F} = {0F95B946-08BE-3F6C-8213-67C2185EAF3F}
		{14F9F6EF-5B45-3765-B9AC-E490E1C31E7E} = {14F9F6EF-5B45-3765-B9AC-E490E1C31E7E}
		{557A656F-7F5B-3DF7-9EA4-D81C978B7943} = {557A656F-7F5B-3DF7-9EA4-D81C978B7943}
		{1211FA52-15E7-3845-BB35-EC8F46B11908} = {1211FA52-15E7-3845-BB35-EC8F46B11908}
		{D484057D-879A-399B-94F1-316536DFF742} = {D484057D-879A-399B-94F1-316536DFF742}
		{175A012C-5292-3D1D-9C39-D91B93D311DC} = {175A012C-5292-3D1D-9C39-D91B93D311DC}
	EndProjectSection
EndProject
Project("{8BC9CEB8-8B4A-11D0-8D11-00A0C91BC942}") = "test-vad-full", "tests\test-vad-full.vcxproj", "{9C9457F4-C565-3ABF-A4E0-6C210A29B051}"
	ProjectSection(ProjectDependencies) = postProject
		{0F95B946-08BE-3F6C-8213-67C2185EAF3F} = {0F95B946-08BE-3F6C-8213-67C2185EAF3F}
		{14F9F6EF-5B45-3765-B9AC-E490E1C31E7E} = {14F9F6EF-5B45-3765-B9AC-E490E1C31E7E}
		{557A656F-7F5B-3DF7-9EA4-D81C978B7943} = {557A656F-7F5B-3DF7-9EA4-D81C978B7943}
		{1211FA52-15E7-3845-BB35-EC8F46B11908} = {1211FA52-15E7-3845-BB35-EC8F46B11908}
		{D484057D-879A-399B-94F1-316536DFF742} = {D484057D-879A-399B-94F1-316536DFF742}
		{175A012C-5292-3D1D-9C39-D91B93D311DC} = {175A012C-5292-3D1D-9C39-D91B93D311DC}
	EndProjectSection
EndProject
Project("{8BC9CEB8-8B4A-11D0-8D11-00A0C91BC942}") = "vad-speech-segments", "examples\vad-speech-segments\vad-speech-segments.vcxproj", "{940011BC-9C50-3BD8-A996-7F18865D90BE}"
	ProjectSection(ProjectDependencies) = postProject
		{0F95B946-08BE-3F6C-8213-67C2185EAF3F} = {0F95B946-08BE-3F6C-8213-67C2185EAF3F}
		{14F9F6EF-5B45-3765-B9AC-E490E1C31E7E} = {14F9F6EF-5B45-3765-B9AC-E490E1C31E7E}
		{557A656F-7F5B-3DF7-9EA4-D81C978B7943} = {557A656F-7F5B-3DF7-9EA4-D81C978B7943}
		{1211FA52-15E7-3845-BB35-EC8F46B11908} = {1211FA52-15E7-3845-BB35-EC8F46B11908}
		{D484057D-879A-399B-94F1-316536DFF742} = {D484057D-879A-399B-94F1-316536DFF742}
		{175A012C-5292-3D1D-9C39-D91B93D311DC} = {175A012C-5292-3D1D-9C39-D91B93D311DC}
	EndProjectSection
EndProject
Project("{8BC9CEB8-8B4A-11D0-8D11-00A0C91BC942}") = "whisper", "src\whisper.vcxproj", "{175A012C-5292-3D1D-9C39-D91B93D311DC}"
	ProjectSection(ProjectDependencies) = postProject
		{0F95B946-08BE-3F6C-8213-67C2185EAF3F} = {0F95B946-08BE-3F6C-8213-67C2185EAF3F}
		{557A656F-7F5B-3DF7-9EA4-D81C978B7943} = {557A656F-7F5B-3DF7-9EA4-D81C978B7943}
		{1211FA52-15E7-3845-BB35-EC8F46B11908} = {1211FA52-15E7-3845-BB35-EC8F46B11908}
		{D484057D-879A-399B-94F1-316536DFF742} = {D484057D-879A-399B-94F1-316536DFF742}
	EndProjectSection
EndProject
Project("{8BC9CEB8-8B4A-11D0-8D11-00A0C91BC942}") = "whisper-bench", "examples\bench\whisper-bench.vcxproj", "{17D6C755-2177-34D2-B469-788AF1432476}"
	ProjectSection(ProjectDependencies) = postProject
		{0F95B946-08BE-3F6C-8213-67C2185EAF3F} = {0F95B946-08BE-3F6C-8213-67C2185EAF3F}
		{557A656F-7F5B-3DF7-9EA4-D81C978B7943} = {557A656F-7F5B-3DF7-9EA4-D81C978B7943}
		{1211FA52-15E7-3845-BB35-EC8F46B11908} = {1211FA52-15E7-3845-BB35-EC8F46B11908}
		{D484057D-879A-399B-94F1-316536DFF742} = {D484057D-879A-399B-94F1-316536DFF742}
		{175A012C-5292-3D1D-9C39-D91B93D311DC} = {175A012C-5292-3D1D-9C39-D91B93D311DC}
	EndProjectSection
EndProject
Project("{8BC9CEB8-8B4A-11D0-8D11-00A0C91BC942}") = "whisper-cli", "examples\cli\whisper-cli.vcxproj", "{463FA431-E6CD-3C52-98C6-70A48C96C99A}"
	ProjectSection(ProjectDependencies) = postProject
		{0F95B946-08BE-3F6C-8213-67C2185EAF3F} = {0F95B946-08BE-3F6C-8213-67C2185EAF3F}
		{14F9F6EF-5B45-3765-B9AC-E490E1C31E7E} = {14F9F6EF-5B45-3765-B9AC-E490E1C31E7E}
		{557A656F-7F5B-3DF7-9EA4-D81C978B7943} = {557A656F-7F5B-3DF7-9EA4-D81C978B7943}
		{1211FA52-15E7-3845-BB35-EC8F46B11908} = {1211FA52-15E7-3845-BB35-EC8F46B11908}
		{D484057D-879A-399B-94F1-316536DFF742} = {D484057D-879A-399B-94F1-316536DFF742}
		{175A012C-5292-3D1D-9C39-D91B93D311DC} = {175A012C-5292-3D1D-9C39-D91B93D311DC}
	EndProjectSection
EndProject
Project("{8BC9CEB8-8B4A-11D0-8D11-00A0C91BC942}") = "whisper-server", "examples\server\whisper-server.vcxproj", "{9987E105-2095-35EF-B77C-8F50A2249B7A}"
	ProjectSection(ProjectDependencies) = postProject
		{0F95B946-08BE-3F6C-8213-67C2185EAF3F} = {0F95B946-08BE-3F6C-8213-67C2185EAF3F}
		{14F9F6EF-5B45-3765-B9AC-E490E1C31E7E} = {14F9F6EF-5B45-3765-B9AC-E490E1C31E7E}
		{557A656F-7F5B-3DF7-9EA4-D81C978B7943} = {557A656F-7F5B-3DF7-9EA4-D81C978B7943}
		{1211FA52-15E7-3845-BB35-EC8F46B11908} = {1211FA52-15E7-3845-BB35-EC8F46B11908}
		{D484057D-879A-399B-94F1-316536DFF742} = {D484057D-879A-399B-94F1-316536DFF742}
		{175A012C-5292-3D1D-9C39-D91B93D311DC} = {175A012C-5292-3D1D-9C39-D91B93D311DC}
	EndProjectSection
EndProject
Global
	GlobalSection(SolutionConfigurationPlatforms) = preSolution
		Debug|x64 = Debug|x64
		Release|x64 = Release|x64
		MinSizeRel|x64 = MinSizeRel|x64
		RelWithDebInfo|x64 = RelWithDebInfo|x64
	EndGlobalSection
	GlobalSection(ProjectConfigurationPlatforms) = postSolution
		{0355163F-5041-3DCC-A248-4450E1118201}.Debug|x64.ActiveCfg = Debug|x64
		{0355163F-5041-3DCC-A248-4450E1118201}.Debug|x64.Build.0 = Debug|x64
		{0355163F-5041-3DCC-A248-4450E1118201}.Release|x64.ActiveCfg = Release|x64
		{0355163F-5041-3DCC-A248-4450E1118201}.Release|x64.Build.0 = Release|x64
		{0355163F-5041-3DCC-A248-4450E1118201}.MinSizeRel|x64.ActiveCfg = MinSizeRel|x64
		{0355163F-5041-3DCC-A248-4450E1118201}.MinSizeRel|x64.Build.0 = MinSizeRel|x64
		{0355163F-5041-3DCC-A248-4450E1118201}.RelWithDebInfo|x64.ActiveCfg = RelWithDebInfo|x64
		{0355163F-5041-3DCC-A248-4450E1118201}.RelWithDebInfo|x64.Build.0 = RelWithDebInfo|x64
		{1B496435-573A-3F19-A84B-94F84330BC0A}.Debug|x64.ActiveCfg = Debug|x64
		{1B496435-573A-3F19-A84B-94F84330BC0A}.Release|x64.ActiveCfg = Release|x64
		{1B496435-573A-3F19-A84B-94F84330BC0A}.MinSizeRel|x64.ActiveCfg = MinSizeRel|x64
		{1B496435-573A-3F19-A84B-94F84330BC0A}.RelWithDebInfo|x64.ActiveCfg = RelWithDebInfo|x64
		{FABC01A2-1D89-3F6C-982E-F396D4108070}.Debug|x64.ActiveCfg = Debug|x64
		{FABC01A2-1D89-3F6C-982E-F396D4108070}.Release|x64.ActiveCfg = Release|x64
		{FABC01A2-1D89-3F6C-982E-F396D4108070}.MinSizeRel|x64.ActiveCfg = MinSizeRel|x64
		{FABC01A2-1D89-3F6C-982E-F396D4108070}.RelWithDebInfo|x64.ActiveCfg = RelWithDebInfo|x64
		{6E5ACE64-2E8D-3748-86F3-DFF766626985}.Debug|x64.ActiveCfg = Debug|x64
		{6E5ACE64-2E8D-3748-86F3-DFF766626985}.Release|x64.ActiveCfg = Release|x64
		{6E5ACE64-2E8D-3748-86F3-DFF766626985}.MinSizeRel|x64.ActiveCfg = MinSizeRel|x64
		{6E5ACE64-2E8D-3748-86F3-DFF766626985}.RelWithDebInfo|x64.ActiveCfg = RelWithDebInfo|x64
		{EF83F2BB-A0E8-313E-9C93-ABA902722AEA}.Debug|x64.ActiveCfg = Debug|x64
		{EF83F2BB-A0E8-313E-9C93-ABA902722AEA}.Release|x64.ActiveCfg = Release|x64
		{EF83F2BB-A0E8-313E-9C93-ABA902722AEA}.MinSizeRel|x64.ActiveCfg = MinSizeRel|x64
		{EF83F2BB-A0E8-313E-9C93-ABA902722AEA}.RelWithDebInfo|x64.ActiveCfg = RelWithDebInfo|x64
		{E7A9C8EB-C5F1-3478-A3B4-C005EDFDA298}.Debug|x64.ActiveCfg = Debug|x64
		{E7A9C8EB-C5F1-3478-A3B4-C005EDFDA298}.Release|x64.ActiveCfg = Release|x64
		{E7A9C8EB-C5F1-3478-A3B4-C005EDFDA298}.MinSizeRel|x64.ActiveCfg = MinSizeRel|x64
		{E7A9C8EB-C5F1-3478-A3B4-C005EDFDA298}.RelWithDebInfo|x64.ActiveCfg = RelWithDebInfo|x64
		{034E5DC9-A0F4-3F92-9D0B-C3FFC6603214}.Debug|x64.ActiveCfg = Debug|x64
		{034E5DC9-A0F4-3F92-9D0B-C3FFC6603214}.Release|x64.ActiveCfg = Release|x64
		{034E5DC9-A0F4-3F92-9D0B-C3FFC6603214}.MinSizeRel|x64.ActiveCfg = MinSizeRel|x64
		{034E5DC9-A0F4-3F92-9D0B-C3FFC6603214}.RelWithDebInfo|x64.ActiveCfg = RelWithDebInfo|x64
		{0F95B946-08BE-3F6C-8213-67C2185EAF3F}.Debug|x64.ActiveCfg = Debug|x64
		{0F95B946-08BE-3F6C-8213-67C2185EAF3F}.Debug|x64.Build.0 = Debug|x64
		{0F95B946-08BE-3F6C-8213-67C2185EAF3F}.Release|x64.ActiveCfg = Release|x64
		{0F95B946-08BE-3F6C-8213-67C2185EAF3F}.Release|x64.Build.0 = Release|x64
		{0F95B946-08BE-3F6C-8213-67C2185EAF3F}.MinSizeRel|x64.ActiveCfg = MinSizeRel|x64
		{0F95B946-08BE-3F6C-8213-67C2185EAF3F}.MinSizeRel|x64.Build.0 = MinSizeRel|x64
		{0F95B946-08BE-3F6C-8213-67C2185EAF3F}.RelWithDebInfo|x64.ActiveCfg = RelWithDebInfo|x64
		{0F95B946-08BE-3F6C-8213-67C2185EAF3F}.RelWithDebInfo|x64.Build.0 = RelWithDebInfo|x64
		{9597F130-4535-3428-8AE1-DC027A5E6646}.Debug|x64.ActiveCfg = Debug|x64
		{9597F130-4535-3428-8AE1-DC027A5E6646}.Debug|x64.Build.0 = Debug|x64
		{9597F130-4535-3428-8AE1-DC027A5E6646}.Release|x64.ActiveCfg = Release|x64
		{9597F130-4535-3428-8AE1-DC027A5E6646}.Release|x64.Build.0 = Release|x64
		{9597F130-4535-3428-8AE1-DC027A5E6646}.MinSizeRel|x64.ActiveCfg = MinSizeRel|x64
		{9597F130-4535-3428-8AE1-DC027A5E6646}.MinSizeRel|x64.Build.0 = MinSizeRel|x64
		{9597F130-4535-3428-8AE1-DC027A5E6646}.RelWithDebInfo|x64.ActiveCfg = RelWithDebInfo|x64
		{9597F130-4535-3428-8AE1-DC027A5E6646}.RelWithDebInfo|x64.Build.0 = RelWithDebInfo|x64
		{14F9F6EF-5B45-3765-B9AC-E490E1C31E7E}.Debug|x64.ActiveCfg = Debug|x64
		{14F9F6EF-5B45-3765-B9AC-E490E1C31E7E}.Debug|x64.Build.0 = Debug|x64
		{14F9F6EF-5B45-3765-B9AC-E490E1C31E7E}.Release|x64.ActiveCfg = Release|x64
		{14F9F6EF-5B45-3765-B9AC-E490E1C31E7E}.Release|x64.Build.0 = Release|x64
		{14F9F6EF-5B45-3765-B9AC-E490E1C31E7E}.MinSizeRel|x64.ActiveCfg = MinSizeRel|x64
		{14F9F6EF-5B45-3765-B9AC-E490E1C31E7E}.MinSizeRel|x64.Build.0 = MinSizeRel|x64
		{14F9F6EF-5B45-3765-B9AC-E490E1C31E7E}.RelWithDebInfo|x64.ActiveCfg = RelWithDebInfo|x64
		{14F9F6EF-5B45-3765-B9AC-E490E1C31E7E}.RelWithDebInfo|x64.Build.0 = RelWithDebInfo|x64
		{557A656F-7F5B-3DF7-9EA4-D81C978B7943}.Debug|x64.ActiveCfg = Debug|x64
		{557A656F-7F5B-3DF7-9EA4-D81C978B7943}.Debug|x64.Build.0 = Debug|x64
		{557A656F-7F5B-3DF7-9EA4-D81C978B7943}.Release|x64.ActiveCfg = Release|x64
		{557A656F-7F5B-3DF7-9EA4-D81C978B7943}.Release|x64.Build.0 = Release|x64
		{557A656F-7F5B-3DF7-9EA4-D81C978B7943}.MinSizeRel|x64.ActiveCfg = MinSizeRel|x64
		{557A656F-7F5B-3DF7-9EA4-D81C978B7943}.MinSizeRel|x64.Build.0 = MinSizeRel|x64
		{557A656F-7F5B-3DF7-9EA4-D81C978B7943}.RelWithDebInfo|x64.ActiveCfg = RelWithDebInfo|x64
		{557A656F-7F5B-3DF7-9EA4-D81C978B7943}.RelWithDebInfo|x64.Build.0 = RelWithDebInfo|x64
		{1211FA52-15E7-3845-BB35-EC8F46B11908}.Debug|x64.ActiveCfg = Debug|x64
		{1211FA52-15E7-3845-BB35-EC8F46B11908}.Debug|x64.Build.0 = Debug|x64
		{1211FA52-15E7-3845-BB35-EC8F46B11908}.Release|x64.ActiveCfg = Release|x64
		{1211FA52-15E7-3845-BB35-EC8F46B11908}.Release|x64.Build.0 = Release|x64
		{1211FA52-15E7-3845-BB35-EC8F46B11908}.MinSizeRel|x64.ActiveCfg = MinSizeRel|x64
		{1211FA52-15E7-3845-BB35-EC8F46B11908}.MinSizeRel|x64.Build.0 = MinSizeRel|x64
		{1211FA52-15E7-3845-BB35-EC8F46B11908}.RelWithDebInfo|x64.ActiveCfg = RelWithDebInfo|x64
		{1211FA52-15E7-3845-BB35-EC8F46B11908}.RelWithDebInfo|x64.Build.0 = RelWithDebInfo|x64
		{D484057D-879A-399B-94F1-316536DFF742}.Debug|x64.ActiveCfg = Debug|x64
		{D484057D-879A-399B-94F1-316536DFF742}.Debug|x64.Build.0 = Debug|x64
		{D484057D-879A-399B-94F1-316536DFF742}.Release|x64.ActiveCfg = Release|x64
		{D484057D-879A-399B-94F1-316536DFF742}.Release|x64.Build.0 = Release|x64
		{D484057D-879A-399B-94F1-316536DFF742}.MinSizeRel|x64.ActiveCfg = MinSizeRel|x64
		{D484057D-879A-399B-94F1-316536DFF742}.MinSizeRel|x64.Build.0 = MinSizeRel|x64
		{D484057D-879A-399B-94F1-316536DFF742}.RelWithDebInfo|x64.ActiveCfg = RelWithDebInfo|x64
		{D484057D-879A-399B-94F1-316536DFF742}.RelWithDebInfo|x64.Build.0 = RelWithDebInfo|x64
		{44737A41-AC50-3242-A52D-B8AAE4FB4C5A}.Debug|x64.ActiveCfg = Debug|x64
		{44737A41-AC50-3242-A52D-B8AAE4FB4C5A}.Debug|x64.Build.0 = Debug|x64
		{44737A41-AC50-3242-A52D-B8AAE4FB4C5A}.Release|x64.ActiveCfg = Release|x64
		{44737A41-AC50-3242-A52D-B8AAE4FB4C5A}.Release|x64.Build.0 = Release|x64
		{44737A41-AC50-3242-A52D-B8AAE4FB4C5A}.MinSizeRel|x64.ActiveCfg = MinSizeRel|x64
		{44737A41-AC50-3242-A52D-B8AAE4FB4C5A}.MinSizeRel|x64.Build.0 = MinSizeRel|x64
		{44737A41-AC50-3242-A52D-B8AAE4FB4C5A}.RelWithDebInfo|x64.ActiveCfg = RelWithDebInfo|x64
		{44737A41-AC50-3242-A52D-B8AAE4FB4C5A}.RelWithDebInfo|x64.Build.0 = RelWithDebInfo|x64
		{CE9CC55C-2DDA-30E0-AFFD-465685C97B44}.Debug|x64.ActiveCfg = Debug|x64
		{CE9CC55C-2DDA-30E0-AFFD-465685C97B44}.Debug|x64.Build.0 = Debug|x64
		{CE9CC55C-2DDA-30E0-AFFD-465685C97B44}.Release|x64.ActiveCfg = Release|x64
		{CE9CC55C-2DDA-30E0-AFFD-465685C97B44}.Release|x64.Build.0 = Release|x64
		{CE9CC55C-2DDA-30E0-AFFD-465685C97B44}.MinSizeRel|x64.ActiveCfg = MinSizeRel|x64
		{CE9CC55C-2DDA-30E0-AFFD-465685C97B44}.MinSizeRel|x64.Build.0 = MinSizeRel|x64
		{CE9CC55C-2DDA-30E0-AFFD-465685C97B44}.RelWithDebInfo|x64.ActiveCfg = RelWithDebInfo|x64
		{CE9CC55C-2DDA-30E0-AFFD-465685C97B44}.RelWithDebInfo|x64.Build.0 = RelWithDebInfo|x64
		{D4866EB1-0BE6-32B3-AEAE-1A5DF30C0759}.Debug|x64.ActiveCfg = Debug|x64
		{D4866EB1-0BE6-32B3-AEAE-1A5DF30C0759}.Debug|x64.Build.0 = Debug|x64
		{D4866EB1-0BE6-32B3-AEAE-1A5DF30C0759}.Release|x64.ActiveCfg = Release|x64
		{D4866EB1-0BE6-32B3-AEAE-1A5DF30C0759}.Release|x64.Build.0 = Release|x64
		{D4866EB1-0BE6-32B3-AEAE-1A5DF30C0759}.MinSizeRel|x64.ActiveCfg = MinSizeRel|x64
		{D4866EB1-0BE6-32B3-AEAE-1A5DF30C0759}.MinSizeRel|x64.Build.0 = MinSizeRel|x64
		{D4866EB1-0BE6-32B3-AEAE-1A5DF30C0759}.RelWithDebInfo|x64.ActiveCfg = RelWithDebInfo|x64
		{D4866EB1-0BE6-32B3-AEAE-1A5DF30C0759}.RelWithDebInfo|x64.Build.0 = RelWithDebInfo|x64
		{9C9457F4-C565-3ABF-A4E0-6C210A29B051}.Debug|x64.ActiveCfg = Debug|x64
		{9C9457F4-C565-3ABF-A4E0-6C210A29B051}.Debug|x64.Build.0 = Debug|x64
		{9C9457F4-C565-3ABF-A4E0-6C210A29B051}.Release|x64.ActiveCfg = Release|x64
		{9C9457F4-C565-3ABF-A4E0-6C210A29B051}.Release|x64.Build.0 = Release|x64
		{9C9457F4-C565-3ABF-A4E0-6C210A29B051}.MinSizeRel|x64.ActiveCfg = MinSizeRel|x64
		{9C9457F4-C565-3ABF-A4E0-6C210A29B051}.MinSizeRel|x64.Build.0 = MinSizeRel|x64
		{9C9457F4-C565-3ABF-A4E0-6C210A29B051}.RelWithDebInfo|x64.ActiveCfg = RelWithDebInfo|x64
		{9C9457F4-C565-3ABF-A4E0-6C210A29B051}.RelWithDebInfo|x64.Build.0 = RelWithDebInfo|x64
		{940011BC-9C50-3BD8-A996-7F18865D90BE}.Debug|x64.ActiveCfg = Debug|x64
		{940011BC-9C50-3BD8-A996-7F18865D90BE}.Debug|x64.Build.0 = Debug|x64
		{940011BC-9C50-3BD8-A996-7F18865D90BE}.Release|x64.ActiveCfg = Release|x64
		{940011BC-9C50-3BD8-A996-7F18865D90BE}.Release|x64.Build.0 = Release|x64
		{940011BC-9C50-3BD8-A996-7F18865D90BE}.MinSizeRel|x64.ActiveCfg = MinSizeRel|x64
		{940011BC-9C50-3BD8-A996-7F18865D90BE}.MinSizeRel|x64.Build.0 = MinSizeRel|x64
		{940011BC-9C50-3BD8-A996-7F18865D90BE}.RelWithDebInfo|x64.ActiveCfg = RelWithDebInfo|x64
		{940011BC-9C50-3BD8-A996-7F18865D90BE}.RelWithDebInfo|x64.Build.0 = RelWithDebInfo|x64
		{175A012C-5292-3D1D-9C39-D91B93D311DC}.Debug|x64.ActiveCfg = Debug|x64
		{175A012C-5292-3D1D-9C39-D91B93D311DC}.Debug|x64.Build.0 = Debug|x64
		{175A012C-5292-3D1D-9C39-D91B93D311DC}.Release|x64.ActiveCfg = Release|x64
		{175A012C-5292-3D1D-9C39-D91B93D311DC}.Release|x64.Build.0 = Release|x64
		{175A012C-5292-3D1D-9C39-D91B93D311DC}.MinSizeRel|x64.ActiveCfg = MinSizeRel|x64
		{175A012C-5292-3D1D-9C39-D91B93D311DC}.MinSizeRel|x64.Build.0 = MinSizeRel|x64
		{175A012C-5292-3D1D-9C39-D91B93D311DC}.RelWithDebInfo|x64.ActiveCfg = RelWithDebInfo|x64
		{175A012C-5292-3D1D-9C39-D91B93D311DC}.RelWithDebInfo|x64.Build.0 = RelWithDebInfo|x64
		{17D6C755-2177-34D2-B469-788AF1432476}.Debug|x64.ActiveCfg = Debug|x64
		{17D6C755-2177-34D2-B469-788AF1432476}.Debug|x64.Build.0 = Debug|x64
		{17D6C755-2177-34D2-B469-788AF1432476}.Release|x64.ActiveCfg = Release|x64
		{17D6C755-2177-34D2-B469-788AF1432476}.Release|x64.Build.0 = Release|x64
		{17D6C755-2177-34D2-B469-788AF1432476}.MinSizeRel|x64.ActiveCfg = MinSizeRel|x64
		{17D6C755-2177-34D2-B469-788AF1432476}.MinSizeRel|x64.Build.0 = MinSizeRel|x64
		{17D6C755-2177-34D2-B469-788AF1432476}.RelWithDebInfo|x64.ActiveCfg = RelWithDebInfo|x64
		{17D6C755-2177-34D2-B469-788AF1432476}.RelWithDebInfo|x64.Build.0 = RelWithDebInfo|x64
		{463FA431-E6CD-3C52-98C6-70A48C96C99A}.Debug|x64.ActiveCfg = Debug|x64
		{463FA431-E6CD-3C52-98C6-70A48C96C99A}.Debug|x64.Build.0 = Debug|x64
		{463FA431-E6CD-3C52-98C6-70A48C96C99A}.Release|x64.ActiveCfg = Release|x64
		{463FA431-E6CD-3C52-98C6-70A48C96C99A}.Release|x64.Build.0 = Release|x64
		{463FA431-E6CD-3C52-98C6-70A48C96C99A}.MinSizeRel|x64.ActiveCfg = MinSizeRel|x64
		{463FA431-E6CD-3C52-98C6-70A48C96C99A}.MinSizeRel|x64.Build.0 = MinSizeRel|x64
		{463FA431-E6CD-3C52-98C6-70A48C96C99A}.RelWithDebInfo|x64.ActiveCfg = RelWithDebInfo|x64
		{463FA431-E6CD-3C52-98C6-70A48C96C99A}.RelWithDebInfo|x64.Build.0 = RelWithDebInfo|x64
		{9987E105-2095-35EF-B77C-8F50A2249B7A}.Debug|x64.ActiveCfg = Debug|x64
		{9987E105-2095-35EF-B77C-8F50A2249B7A}.Debug|x64.Build.0 = Debug|x64
		{9987E105-2095-35EF-B77C-8F50A2249B7A}.Release|x64.ActiveCfg = Release|x64
		{9987E105-2095-35EF-B77C-8F50A2249B7A}.Release|x64.Build.0 = Release|x64
		{9987E105-2095-35EF-B77C-8F50A2249B7A}.MinSizeRel|x64.ActiveCfg = MinSizeRel|x64
		{9987E105-2095-35EF-B77C-8F50A2249B7A}.MinSizeRel|x64.Build.0 = MinSizeRel|x64
		{9987E105-2095-35EF-B77C-8F50A2249B7A}.RelWithDebInfo|x64.ActiveCfg = RelWithDebInfo|x64
		{9987E105-2095-35EF-B77C-8F50A2249B7A}.RelWithDebInfo|x64.Build.0 = RelWithDebInfo|x64
	EndGlobalSection
	GlobalSection(ExtensibilityGlobals) = postSolution
		SolutionGuid = {BBF7DB6E-AA9B-3ACD-B5FC-A8888F7D3B5E}
	EndGlobalSection
	GlobalSection(ExtensibilityAddIns) = postSolution
	EndGlobalSection
EndGlobal
