<?xml version="1.0" encoding="utf-8"?>
<Project ToolsVersion="16.0" xmlns="http://schemas.microsoft.com/developer/msbuild/2003">
  <ItemGroup>
    <CustomBuild Include="C:\Users\shup4001.T9\Project\automatic-speech-recognition\whisper.cpp\CMakeFiles\9b622ac4d178f462755e3da747b54be1\INSTALL_force.rule">
      <Filter>CMake Rules</Filter>
    </CustomBuild>
  </ItemGroup>
  <ItemGroup>
    <Filter Include="CMake Rules">
      <UniqueIdentifier>{AAECD3FC-A1D4-31E9-A2CF-DA5FA1F3392F}</UniqueIdentifier>
    </Filter>
  </ItemGroup>
</Project>
