<?xml version="1.0" encoding="utf-8"?>
<Project ToolsVersion="16.0" xmlns="http://schemas.microsoft.com/developer/msbuild/2003">
  <ItemGroup>
    <ClCompile Include="C:\Users\shup4001.T9\Project\automatic-speech-recognition\whisper.cpp\examples\server\server.cpp">
      <Filter>Source Files</Filter>
    </ClCompile>
  </ItemGroup>
  <ItemGroup>
    <ClInclude Include="C:\Users\shup4001.T9\Project\automatic-speech-recognition\whisper.cpp\examples\server\httplib.h">
      <Filter>Header Files</Filter>
    </ClInclude>
  </ItemGroup>
  <ItemGroup>
    <CustomBuild Include="C:\Users\shup4001.T9\Project\automatic-speech-recognition\whisper.cpp\examples\server\CMakeLists.txt" />
  </ItemGroup>
  <ItemGroup>
    <Filter Include="Header Files">
      <UniqueIdentifier>{35FCEA4B-36ED-3655-A5D8-D191911E6297}</UniqueIdentifier>
    </Filter>
    <Filter Include="Source Files">
      <UniqueIdentifier>{1BEEA429-9846-31CA-82DB-7ABADB5F4DC4}</UniqueIdentifier>
    </Filter>
  </ItemGroup>
</Project>
