
Microsoft Visual Studio Solution File, Format Version 12.00
# Visual Studio Version 16
Project("{8BC9CEB8-8B4A-11D0-8D11-00A0C91BC942}") = "ALL_BUILD", "ALL_BUILD.vcxproj", "{0355163F-5041-3DCC-A248-4450E1118201}"
	ProjectSection(ProjectDependencies) = postProject
		{0F95B946-08BE-3F6C-8213-67C2185EAF3F} = {0F95B946-08BE-3F6C-8213-67C2185EAF3F}
		{557A656F-7F5B-3DF7-9EA4-D81C978B7943} = {557A656F-7F5B-3DF7-9EA4-D81C978B7943}
		{1211FA52-15E7-3845-BB35-EC8F46B11908} = {1211FA52-15E7-3845-BB35-EC8F46B11908}
		{D484057D-879A-399B-94F1-316536DFF742} = {D484057D-879A-399B-94F1-316536DFF742}
	EndProjectSection
EndProject
Project("{8BC9CEB8-8B4A-11D0-8D11-00A0C91BC942}") = "INSTALL", "INSTALL.vcxproj", "{6E5ACE64-2E8D-3748-86F3-DFF766626985}"
	ProjectSection(ProjectDependencies) = postProject
		{0355163F-5041-3DCC-A248-4450E1118201} = {0355163F-5041-3DCC-A248-4450E1118201}
		{0F95B946-08BE-3F6C-8213-67C2185EAF3F} = {0F95B946-08BE-3F6C-8213-67C2185EAF3F}
	EndProjectSection
EndProject
Project("{8BC9CEB8-8B4A-11D0-8D11-00A0C91BC942}") = "RUN_TESTS", "RUN_TESTS.vcxproj", "{034E5DC9-A0F4-3F92-9D0B-C3FFC6603214}"
	ProjectSection(ProjectDependencies) = postProject
		{0F95B946-08BE-3F6C-8213-67C2185EAF3F} = {0F95B946-08BE-3F6C-8213-67C2185EAF3F}
	EndProjectSection
EndProject
Project("{8BC9CEB8-8B4A-11D0-8D11-00A0C91BC942}") = "ZERO_CHECK", "..\\ZERO_CHECK.vcxproj", "{0F95B946-08BE-3F6C-8213-67C2185EAF3F}"
	ProjectSection(ProjectDependencies) = postProject
	EndProjectSection
EndProject
Project("{8BC9CEB8-8B4A-11D0-8D11-00A0C91BC942}") = "ggml", "src\ggml.vcxproj", "{557A656F-7F5B-3DF7-9EA4-D81C978B7943}"
	ProjectSection(ProjectDependencies) = postProject
		{0F95B946-08BE-3F6C-8213-67C2185EAF3F} = {0F95B946-08BE-3F6C-8213-67C2185EAF3F}
		{1211FA52-15E7-3845-BB35-EC8F46B11908} = {1211FA52-15E7-3845-BB35-EC8F46B11908}
		{D484057D-879A-399B-94F1-316536DFF742} = {D484057D-879A-399B-94F1-316536DFF742}
	EndProjectSection
EndProject
Project("{8BC9CEB8-8B4A-11D0-8D11-00A0C91BC942}") = "ggml-base", "src\ggml-base.vcxproj", "{1211FA52-15E7-3845-BB35-EC8F46B11908}"
	ProjectSection(ProjectDependencies) = postProject
		{0F95B946-08BE-3F6C-8213-67C2185EAF3F} = {0F95B946-08BE-3F6C-8213-67C2185EAF3F}
	EndProjectSection
EndProject
Project("{8BC9CEB8-8B4A-11D0-8D11-00A0C91BC942}") = "ggml-cpu", "src\ggml-cpu.vcxproj", "{D484057D-879A-399B-94F1-316536DFF742}"
	ProjectSection(ProjectDependencies) = postProject
		{0F95B946-08BE-3F6C-8213-67C2185EAF3F} = {0F95B946-08BE-3F6C-8213-67C2185EAF3F}
		{1211FA52-15E7-3845-BB35-EC8F46B11908} = {1211FA52-15E7-3845-BB35-EC8F46B11908}
	EndProjectSection
EndProject
Global
	GlobalSection(SolutionConfigurationPlatforms) = preSolution
		Debug|x64 = Debug|x64
		Release|x64 = Release|x64
		MinSizeRel|x64 = MinSizeRel|x64
		RelWithDebInfo|x64 = RelWithDebInfo|x64
	EndGlobalSection
	GlobalSection(ProjectConfigurationPlatforms) = postSolution
		{0355163F-5041-3DCC-A248-4450E1118201}.Debug|x64.ActiveCfg = Debug|x64
		{0355163F-5041-3DCC-A248-4450E1118201}.Debug|x64.Build.0 = Debug|x64
		{0355163F-5041-3DCC-A248-4450E1118201}.Release|x64.ActiveCfg = Release|x64
		{0355163F-5041-3DCC-A248-4450E1118201}.Release|x64.Build.0 = Release|x64
		{0355163F-5041-3DCC-A248-4450E1118201}.MinSizeRel|x64.ActiveCfg = MinSizeRel|x64
		{0355163F-5041-3DCC-A248-4450E1118201}.MinSizeRel|x64.Build.0 = MinSizeRel|x64
		{0355163F-5041-3DCC-A248-4450E1118201}.RelWithDebInfo|x64.ActiveCfg = RelWithDebInfo|x64
		{0355163F-5041-3DCC-A248-4450E1118201}.RelWithDebInfo|x64.Build.0 = RelWithDebInfo|x64
		{6E5ACE64-2E8D-3748-86F3-DFF766626985}.Debug|x64.ActiveCfg = Debug|x64
		{6E5ACE64-2E8D-3748-86F3-DFF766626985}.Release|x64.ActiveCfg = Release|x64
		{6E5ACE64-2E8D-3748-86F3-DFF766626985}.MinSizeRel|x64.ActiveCfg = MinSizeRel|x64
		{6E5ACE64-2E8D-3748-86F3-DFF766626985}.RelWithDebInfo|x64.ActiveCfg = RelWithDebInfo|x64
		{034E5DC9-A0F4-3F92-9D0B-C3FFC6603214}.Debug|x64.ActiveCfg = Debug|x64
		{034E5DC9-A0F4-3F92-9D0B-C3FFC6603214}.Release|x64.ActiveCfg = Release|x64
		{034E5DC9-A0F4-3F92-9D0B-C3FFC6603214}.MinSizeRel|x64.ActiveCfg = MinSizeRel|x64
		{034E5DC9-A0F4-3F92-9D0B-C3FFC6603214}.RelWithDebInfo|x64.ActiveCfg = RelWithDebInfo|x64
		{0F95B946-08BE-3F6C-8213-67C2185EAF3F}.Debug|x64.ActiveCfg = Debug|x64
		{0F95B946-08BE-3F6C-8213-67C2185EAF3F}.Debug|x64.Build.0 = Debug|x64
		{0F95B946-08BE-3F6C-8213-67C2185EAF3F}.Release|x64.ActiveCfg = Release|x64
		{0F95B946-08BE-3F6C-8213-67C2185EAF3F}.Release|x64.Build.0 = Release|x64
		{0F95B946-08BE-3F6C-8213-67C2185EAF3F}.MinSizeRel|x64.ActiveCfg = MinSizeRel|x64
		{0F95B946-08BE-3F6C-8213-67C2185EAF3F}.MinSizeRel|x64.Build.0 = MinSizeRel|x64
		{0F95B946-08BE-3F6C-8213-67C2185EAF3F}.RelWithDebInfo|x64.ActiveCfg = RelWithDebInfo|x64
		{0F95B946-08BE-3F6C-8213-67C2185EAF3F}.RelWithDebInfo|x64.Build.0 = RelWithDebInfo|x64
		{557A656F-7F5B-3DF7-9EA4-D81C978B7943}.Debug|x64.ActiveCfg = Debug|x64
		{557A656F-7F5B-3DF7-9EA4-D81C978B7943}.Debug|x64.Build.0 = Debug|x64
		{557A656F-7F5B-3DF7-9EA4-D81C978B7943}.Release|x64.ActiveCfg = Release|x64
		{557A656F-7F5B-3DF7-9EA4-D81C978B7943}.Release|x64.Build.0 = Release|x64
		{557A656F-7F5B-3DF7-9EA4-D81C978B7943}.MinSizeRel|x64.ActiveCfg = MinSizeRel|x64
		{557A656F-7F5B-3DF7-9EA4-D81C978B7943}.MinSizeRel|x64.Build.0 = MinSizeRel|x64
		{557A656F-7F5B-3DF7-9EA4-D81C978B7943}.RelWithDebInfo|x64.ActiveCfg = RelWithDebInfo|x64
		{557A656F-7F5B-3DF7-9EA4-D81C978B7943}.RelWithDebInfo|x64.Build.0 = RelWithDebInfo|x64
		{1211FA52-15E7-3845-BB35-EC8F46B11908}.Debug|x64.ActiveCfg = Debug|x64
		{1211FA52-15E7-3845-BB35-EC8F46B11908}.Debug|x64.Build.0 = Debug|x64
		{1211FA52-15E7-3845-BB35-EC8F46B11908}.Release|x64.ActiveCfg = Release|x64
		{1211FA52-15E7-3845-BB35-EC8F46B11908}.Release|x64.Build.0 = Release|x64
		{1211FA52-15E7-3845-BB35-EC8F46B11908}.MinSizeRel|x64.ActiveCfg = MinSizeRel|x64
		{1211FA52-15E7-3845-BB35-EC8F46B11908}.MinSizeRel|x64.Build.0 = MinSizeRel|x64
		{1211FA52-15E7-3845-BB35-EC8F46B11908}.RelWithDebInfo|x64.ActiveCfg = RelWithDebInfo|x64
		{1211FA52-15E7-3845-BB35-EC8F46B11908}.RelWithDebInfo|x64.Build.0 = RelWithDebInfo|x64
		{D484057D-879A-399B-94F1-316536DFF742}.Debug|x64.ActiveCfg = Debug|x64
		{D484057D-879A-399B-94F1-316536DFF742}.Debug|x64.Build.0 = Debug|x64
		{D484057D-879A-399B-94F1-316536DFF742}.Release|x64.ActiveCfg = Release|x64
		{D484057D-879A-399B-94F1-316536DFF742}.Release|x64.Build.0 = Release|x64
		{D484057D-879A-399B-94F1-316536DFF742}.MinSizeRel|x64.ActiveCfg = MinSizeRel|x64
		{D484057D-879A-399B-94F1-316536DFF742}.MinSizeRel|x64.Build.0 = MinSizeRel|x64
		{D484057D-879A-399B-94F1-316536DFF742}.RelWithDebInfo|x64.ActiveCfg = RelWithDebInfo|x64
		{D484057D-879A-399B-94F1-316536DFF742}.RelWithDebInfo|x64.Build.0 = RelWithDebInfo|x64
	EndGlobalSection
	GlobalSection(ExtensibilityGlobals) = postSolution
		SolutionGuid = {10062C9E-44E7-3ABE-9301-C7A51FDF15C3}
	EndGlobalSection
	GlobalSection(ExtensibilityAddIns) = postSolution
	EndGlobalSection
EndGlobal
