<?xml version="1.0" encoding="utf-8"?>
<Project ToolsVersion="16.0" xmlns="http://schemas.microsoft.com/developer/msbuild/2003">
  <ItemGroup>
    <ClCompile Include="C:\Users\shup4001.T9\Project\automatic-speech-recognition\whisper.cpp\examples\cli\cli.cpp">
      <Filter>Source Files</Filter>
    </ClCompile>
  </ItemGroup>
  <ItemGroup>
    <CustomBuild Include="C:\Users\shup4001.T9\Project\automatic-speech-recognition\whisper.cpp\examples\cli\CMakeLists.txt" />
  </ItemGroup>
  <ItemGroup>
    <Filter Include="Source Files">
      <UniqueIdentifier>{1BEEA429-9846-31CA-82DB-7ABADB5F4DC4}</UniqueIdentifier>
    </Filter>
  </ItemGroup>
</Project>
